
Microsoft Visual Studio Solution File, Format Version 12.00
# Visual Studio Version 17
VisualStudioVersion = 17.9.34723.18
MinimumVisualStudioVersion = 10.0.40219.1
Project("{9A19103F-16F7-4668-BE54-9A1E7A4F7556}") = "re4rr", "src\re4rr\re4rr.csproj", "{8CD120C8-B304-4DFB-95EB-8A80BB0AC91D}"
EndProject
Project("{9A19103F-16F7-4668-BE54-9A1E7A4F7556}") = "RszTool", "src\rsztool\RszTool\RszTool.csproj", "{D7BE368B-A7E9-4A3D-B089-2C11B6A7D13B}"
EndProject
Project("{2150E333-8FDC-42A3-9474-1A3956D46DE8}") = "src", "src", "{C63AE2CF-8873-4DD8-9E14-01E099F90870}"
EndProject
Project("{9A19103F-16F7-4668-BE54-9A1E7A4F7556}") = "REE", "src\REE\REE.csproj", "{94AE718B-F351-49CF-9089-A68B3A0CC5DD}"
EndProject
Global
	GlobalSection(SolutionConfigurationPlatforms) = preSolution
		Debug|Any CPU = Debug|Any CPU
		Release|Any CPU = Release|Any CPU
	EndGlobalSection
	GlobalSection(ProjectConfigurationPlatforms) = postSolution
		{8CD120C8-B304-4DFB-95EB-8A80BB0AC91D}.Debug|Any CPU.ActiveCfg = Debug|Any CPU
		{8CD120C8-B304-4DFB-95EB-8A80BB0AC91D}.Debug|Any CPU.Build.0 = Debug|Any CPU
		{8CD120C8-B304-4DFB-95EB-8A80BB0AC91D}.Release|Any CPU.ActiveCfg = Release|Any CPU
		{8CD120C8-B304-4DFB-95EB-8A80BB0AC91D}.Release|Any CPU.Build.0 = Release|Any CPU
		{D7BE368B-A7E9-4A3D-B089-2C11B6A7D13B}.Debug|Any CPU.ActiveCfg = Debug|Any CPU
		{D7BE368B-A7E9-4A3D-B089-2C11B6A7D13B}.Debug|Any CPU.Build.0 = Debug|Any CPU
		{D7BE368B-A7E9-4A3D-B089-2C11B6A7D13B}.Release|Any CPU.ActiveCfg = Release|Any CPU
		{D7BE368B-A7E9-4A3D-B089-2C11B6A7D13B}.Release|Any CPU.Build.0 = Release|Any CPU
		{94AE718B-F351-49CF-9089-A68B3A0CC5DD}.Debug|Any CPU.ActiveCfg = Debug|Any CPU
		{94AE718B-F351-49CF-9089-A68B3A0CC5DD}.Debug|Any CPU.Build.0 = Debug|Any CPU
		{94AE718B-F351-49CF-9089-A68B3A0CC5DD}.Release|Any CPU.ActiveCfg = Release|Any CPU
		{94AE718B-F351-49CF-9089-A68B3A0CC5DD}.Release|Any CPU.Build.0 = Release|Any CPU
	EndGlobalSection
	GlobalSection(SolutionProperties) = preSolution
		HideSolutionNode = FALSE
	EndGlobalSection
	GlobalSection(NestedProjects) = preSolution
		{8CD120C8-B304-4DFB-95EB-8A80BB0AC91D} = {C63AE2CF-8873-4DD8-9E14-01E099F90870}
		{D7BE368B-A7E9-4A3D-B089-2C11B6A7D13B} = {C63AE2CF-8873-4DD8-9E14-01E099F90870}
		{94AE718B-F351-49CF-9089-A68B3A0CC5DD} = {C63AE2CF-8873-4DD8-9E14-01E099F90870}
	EndGlobalSection
	GlobalSection(ExtensibilityGlobals) = postSolution
		SolutionGuid = {5780D5E9-A2CD-4CCE-AF3A-F785EC19D2AB}
	EndGlobalSection
EndGlobal
